
Microsoft Visual Studio Solution File, Format Version 12.00
# Visual Studio Version 16
VisualStudioVersion = 16.6.30114.105
MinimumVisualStudioVersion = 10.0.40219.1
Project("{FAE04EC0-301F-11D3-BF4B-00C04F79EFBC}") = "NineChronicles.EthBridge", "NineChronicles.EthBridge\NineChronicles.EthBridge.csproj", "{AFA7A332-F3BD-4B3B-971C-80CF5777ECF7}"
EndProject
Project("{FAE04EC0-301F-11D3-BF4B-00C04F79EFBC}") = "NineChronicles.EthBridge.Tests", "NineChronicles.EthBridge.Tests\NineChronicles.EthBridge.Tests.csproj", "{A3BC19CF-D3D3-410A-A04E-BE289736C5CF}"
EndProject
Global
	GlobalSection(SolutionConfigurationPlatforms) = preSolution
		Debug|Any CPU = Debug|Any CPU
		Debug|x64 = Debug|x64
		Debug|x86 = Debug|x86
		Release|Any CPU = Release|Any CPU
		Release|x64 = Release|x64
		Release|x86 = Release|x86
	EndGlobalSection
	GlobalSection(SolutionProperties) = preSolution
		HideSolutionNode = FALSE
	EndGlobalSection
	GlobalSection(ProjectConfigurationPlatforms) = postSolution
		{AFA7A332-F3BD-4B3B-971C-80CF5777ECF7}.Debug|Any CPU.ActiveCfg = Debug|Any CPU
		{AFA7A332-F3BD-4B3B-971C-80CF5777ECF7}.Debug|Any CPU.Build.0 = Debug|Any CPU
		{AFA7A332-F3BD-4B3B-971C-80CF5777ECF7}.Debug|x64.ActiveCfg = Debug|Any CPU
		{AFA7A332-F3BD-4B3B-971C-80CF5777ECF7}.Debug|x64.Build.0 = Debug|Any CPU
		{AFA7A332-F3BD-4B3B-971C-80CF5777ECF7}.Debug|x86.ActiveCfg = Debug|Any CPU
		{AFA7A332-F3BD-4B3B-971C-80CF5777ECF7}.Debug|x86.Build.0 = Debug|Any CPU
		{AFA7A332-F3BD-4B3B-971C-80CF5777ECF7}.Release|Any CPU.ActiveCfg = Release|Any CPU
		{AFA7A332-F3BD-4B3B-971C-80CF5777ECF7}.Release|Any CPU.Build.0 = Release|Any CPU
		{AFA7A332-F3BD-4B3B-971C-80CF5777ECF7}.Release|x64.ActiveCfg = Release|Any CPU
		{AFA7A332-F3BD-4B3B-971C-80CF5777ECF7}.Release|x64.Build.0 = Release|Any CPU
		{AFA7A332-F3BD-4B3B-971C-80CF5777ECF7}.Release|x86.ActiveCfg = Release|Any CPU
		{AFA7A332-F3BD-4B3B-971C-80CF5777ECF7}.Release|x86.Build.0 = Release|Any CPU
		{A3BC19CF-D3D3-410A-A04E-BE289736C5CF}.Debug|Any CPU.ActiveCfg = Debug|Any CPU
		{A3BC19CF-D3D3-410A-A04E-BE289736C5CF}.Debug|Any CPU.Build.0 = Debug|Any CPU
		{A3BC19CF-D3D3-410A-A04E-BE289736C5CF}.Debug|x64.ActiveCfg = Debug|Any CPU
		{A3BC19CF-D3D3-410A-A04E-BE289736C5CF}.Debug|x64.Build.0 = Debug|Any CPU
		{A3BC19CF-D3D3-410A-A04E-BE289736C5CF}.Debug|x86.ActiveCfg = Debug|Any CPU
		{A3BC19CF-D3D3-410A-A04E-BE289736C5CF}.Debug|x86.Build.0 = Debug|Any CPU
		{A3BC19CF-D3D3-410A-A04E-BE289736C5CF}.Release|Any CPU.ActiveCfg = Release|Any CPU
		{A3BC19CF-D3D3-410A-A04E-BE289736C5CF}.Release|Any CPU.Build.0 = Release|Any CPU
		{A3BC19CF-D3D3-410A-A04E-BE289736C5CF}.Release|x64.ActiveCfg = Release|Any CPU
		{A3BC19CF-D3D3-410A-A04E-BE289736C5CF}.Release|x64.Build.0 = Release|Any CPU
		{A3BC19CF-D3D3-410A-A04E-BE289736C5CF}.Release|x86.ActiveCfg = Release|Any CPU
		{A3BC19CF-D3D3-410A-A04E-BE289736C5CF}.Release|x86.Build.0 = Release|Any CPU
	EndGlobalSection
EndGlobal
